{
  "object": {
    "pins": [
      {
        "package": "Nimble",
        "repositoryURL": "https://github.com/Quick/Nimble.git",
        "state": {
          "branch": "master",
          "revision": "025d0e25fc043534ae24e645e6729cd15851e28d",
          "version": null
        }
      }
    ]
  },
  "version": 1
}
