{
  "object": {
    "pins": [
      {
        "package": "Nimble",
        "repositoryURL": "https://github.com/Quick/Nimble.git",
        "state": {
          "branch": "master",
          "revision": "0edb48d936f31f4ce657047884b77b6e3b0bef4b",
          "version": null
        }
      }
    ]
  },
  "version": 1
}
