{
  "object": {
    "pins": [
      {
        "package": "Nimble",
        "repositoryURL": "https://github.com/Quick/Nimble.git",
        "state": {
          "branch": null,
          "revision": "8023e3980d91b470ad073d6da843b73f2eeb1844",
          "version": "7.1.2"
        }
      }
    ]
  },
  "version": 1
}
